
Microsoft Visual Studio Solution File, Format Version 12.00
# Visual Studio Version 16
VisualStudioVersion = 16.0.29920.165
MinimumVisualStudioVersion = 10.0.40219.1
Project("{9A19103F-16F7-4668-BE54-9A1E7A4F7556}") = "Products.API", "Products.API\Products.API.csproj", "{AF5B17C2-165C-4A24-99A9-39F6BCC0EC05}"
EndProject
Project("{9A19103F-16F7-4668-BE54-9A1E7A4F7556}") = "Products.Core", "Products.Core\Products.Core.csproj", "{0481BC6F-F310-46C9-BE65-0CFA2C56985F}"
EndProject
Project("{9A19103F-16F7-4668-BE54-9A1E7A4F7556}") = "Products.Infrastructure", "Products.Infrastructure\Products.Infrastructure.csproj", "{110D717C-E0B7-4D6E-8593-B58B8647319F}"
EndProject
Project("{FAE04EC0-301F-11D3-BF4B-00C04F79EFBC}") = "Products.Tests", "Products.Tests\Products.Tests.csproj", "{9F1CD32F-2624-43D8-87DA-8FE8556942B3}"
EndProject
Global
	GlobalSection(SolutionConfigurationPlatforms) = preSolution
		Debug|Any CPU = Debug|Any CPU
		Release|Any CPU = Release|Any CPU
	EndGlobalSection
	GlobalSection(ProjectConfigurationPlatforms) = postSolution
		{AF5B17C2-165C-4A24-99A9-39F6BCC0EC05}.Debug|Any CPU.ActiveCfg = Debug|Any CPU
		{AF5B17C2-165C-4A24-99A9-39F6BCC0EC05}.Debug|Any CPU.Build.0 = Debug|Any CPU
		{AF5B17C2-165C-4A24-99A9-39F6BCC0EC05}.Release|Any CPU.ActiveCfg = Release|Any CPU
		{AF5B17C2-165C-4A24-99A9-39F6BCC0EC05}.Release|Any CPU.Build.0 = Release|Any CPU
		{0481BC6F-F310-46C9-BE65-0CFA2C56985F}.Debug|Any CPU.ActiveCfg = Debug|Any CPU
		{0481BC6F-F310-46C9-BE65-0CFA2C56985F}.Debug|Any CPU.Build.0 = Debug|Any CPU
		{0481BC6F-F310-46C9-BE65-0CFA2C56985F}.Release|Any CPU.ActiveCfg = Release|Any CPU
		{0481BC6F-F310-46C9-BE65-0CFA2C56985F}.Release|Any CPU.Build.0 = Release|Any CPU
		{110D717C-E0B7-4D6E-8593-B58B8647319F}.Debug|Any CPU.ActiveCfg = Debug|Any CPU
		{110D717C-E0B7-4D6E-8593-B58B8647319F}.Debug|Any CPU.Build.0 = Debug|Any CPU
		{110D717C-E0B7-4D6E-8593-B58B8647319F}.Release|Any CPU.ActiveCfg = Release|Any CPU
		{110D717C-E0B7-4D6E-8593-B58B8647319F}.Release|Any CPU.Build.0 = Release|Any CPU
		{9F1CD32F-2624-43D8-87DA-8FE8556942B3}.Debug|Any CPU.ActiveCfg = Debug|Any CPU
		{9F1CD32F-2624-43D8-87DA-8FE8556942B3}.Debug|Any CPU.Build.0 = Debug|Any CPU
		{9F1CD32F-2624-43D8-87DA-8FE8556942B3}.Release|Any CPU.ActiveCfg = Release|Any CPU
		{9F1CD32F-2624-43D8-87DA-8FE8556942B3}.Release|Any CPU.Build.0 = Release|Any CPU
	EndGlobalSection
	GlobalSection(SolutionProperties) = preSolution
		HideSolutionNode = FALSE
	EndGlobalSection
	GlobalSection(ExtensibilityGlobals) = postSolution
		SolutionGuid = {83B14F2E-EDAD-4CC8-9E62-9E207DA5BDB7}
	EndGlobalSection
EndGlobal
